
Microsoft Visual Studio Solution File, Format Version 12.00
# Visual Studio Version 17
VisualStudioVersion = 17.13.35919.96 d17.13
MinimumVisualStudioVersion = 10.0.40219.1
Project("{FAE04EC0-301F-11D3-BF4B-00C04F79EFBC}") = "TicketBooking", "TicketBooking\TicketBooking.csproj", "{EDAB9A5A-855A-4E51-84F8-BBD193B38BDA}"
EndProject
Global
	GlobalSection(SolutionConfigurationPlatforms) = preSolution
		Debug|Any CPU = Debug|Any CPU
		Release|Any CPU = Release|Any CPU
	EndGlobalSection
	GlobalSection(ProjectConfigurationPlatforms) = postSolution
		{EDAB9A5A-855A-4E51-84F8-BBD193B38BDA}.Debug|Any CPU.ActiveCfg = Debug|Any CPU
		{EDAB9A5A-855A-4E51-84F8-BBD193B38BDA}.Debug|Any CPU.Build.0 = Debug|Any CPU
		{EDAB9A5A-855A-4E51-84F8-BBD193B38BDA}.Release|Any CPU.ActiveCfg = Release|Any CPU
		{EDAB9A5A-855A-4E51-84F8-BBD193B38BDA}.Release|Any CPU.Build.0 = Release|Any CPU
	EndGlobalSection
	GlobalSection(SolutionProperties) = preSolution
		HideSolutionNode = FALSE
	EndGlobalSection
	GlobalSection(ExtensibilityGlobals) = postSolution
		SolutionGuid = {AD7563E1-D780-4753-BBC0-BF0345ECC583}
	EndGlobalSection
EndGlobal
